
Microsoft Visual Studio Solution File, Format Version 12.00
# Visual Studio Version 17
VisualStudioVersion = 17.8.34205.153
MinimumVisualStudioVersion = 10.0.40219.1
Project("{FAE04EC0-301F-11D3-BF4B-00C04F79EFBC}") = "MagicVillaAPI", "MagicVillaAPI\MagicVillaAPI.csproj", "{8EA66EE0-0A34-4764-B08C-7BB84ABE7D30}"
EndProject
Global
	GlobalSection(SolutionConfigurationPlatforms) = preSolution
		Debug|Any CPU = Debug|Any CPU
		Release|Any CPU = Release|Any CPU
	EndGlobalSection
	GlobalSection(ProjectConfigurationPlatforms) = postSolution
		{8EA66EE0-0A34-4764-B08C-7BB84ABE7D30}.Debug|Any CPU.ActiveCfg = Debug|Any CPU
		{8EA66EE0-0A34-4764-B08C-7BB84ABE7D30}.Debug|Any CPU.Build.0 = Debug|Any CPU
		{8EA66EE0-0A34-4764-B08C-7BB84ABE7D30}.Release|Any CPU.ActiveCfg = Release|Any CPU
		{8EA66EE0-0A34-4764-B08C-7BB84ABE7D30}.Release|Any CPU.Build.0 = Release|Any CPU
	EndGlobalSection
	GlobalSection(SolutionProperties) = preSolution
		HideSolutionNode = FALSE
	EndGlobalSection
	GlobalSection(ExtensibilityGlobals) = postSolution
		SolutionGuid = {51DEA153-DA13-4437-B5D9-C83161060747}
	EndGlobalSection
EndGlobal
